
Microsoft Visual Studio Solution File, Format Version 12.00
# Visual Studio Version 16
VisualStudioVersion = 16.0.31313.79
MinimumVisualStudioVersion = 10.0.40219.1
Project("{FAE04EC0-301F-11D3-BF4B-00C04F79EFBC}") = "AbschlussProjekt", "AbschlussProjekt\AbschlussProjekt.csproj", "{F9658454-085E-44CB-8308-E64953FC1C02}"
EndProject
Global
	GlobalSection(SolutionConfigurationPlatforms) = preSolution
		Debug|Any CPU = Debug|Any CPU
		Release|Any CPU = Release|Any CPU
	EndGlobalSection
	GlobalSection(ProjectConfigurationPlatforms) = postSolution
		{F9658454-085E-44CB-8308-E64953FC1C02}.Debug|Any CPU.ActiveCfg = Debug|Any CPU
		{F9658454-085E-44CB-8308-E64953FC1C02}.Debug|Any CPU.Build.0 = Debug|Any CPU
		{F9658454-085E-44CB-8308-E64953FC1C02}.Release|Any CPU.ActiveCfg = Release|Any CPU
		{F9658454-085E-44CB-8308-E64953FC1C02}.Release|Any CPU.Build.0 = Release|Any CPU
	EndGlobalSection
	GlobalSection(SolutionProperties) = preSolution
		HideSolutionNode = FALSE
	EndGlobalSection
	GlobalSection(ExtensibilityGlobals) = postSolution
		SolutionGuid = {7FBF2469-E661-4BC6-B6BD-D33774B16E4A}
	EndGlobalSection
EndGlobal
